{
  "pins" : [
    {
      "identity" : "prepdatatypes",
      "kind" : "remoteSourceControl",
      "location" : "https://github.com/pxlshpr/PrepDataTypes",
      "state" : {
        "revision" : "65a830f3dcadf2b86cfd7322e1f6b23be63bd08f",
        "version" : "0.0.9"
      }
    },
    {
      "identity" : "swiftsugar",
      "kind" : "remoteSourceControl",
      "location" : "https://github.com/pxlshpr/SwiftSugar",
      "state" : {
        "revision" : "8f6e2615bee4969dd629c09cae9d900b52081b02",
        "version" : "0.0.74"
      }
    }
  ],
  "version" : 2
}
