{
  "pins" : [
    {
      "identity" : "prepunits",
      "kind" : "remoteSourceControl",
      "location" : "https://github.com/pxlshpr/PrepUnits",
      "state" : {
        "revision" : "79b6fab0d7f1d8febb9fa72b50029fd2b7b76aff",
        "version" : "0.0.116"
      }
    },
    {
      "identity" : "swiftsugar",
      "kind" : "remoteSourceControl",
      "location" : "https://github.com/pxlshpr/SwiftSugar",
      "state" : {
        "revision" : "ec4f4c280c41c6c99741e065d635c470926d75d5",
        "version" : "0.0.69"
      }
    }
  ],
  "version" : 2
}
